
Microsoft Visual Studio Solution File, Format Version 12.00
# Visual Studio 14
VisualStudioVersion = 14.0.25420.1
MinimumVisualStudioVersion = 10.0.40219.1
Project("{FAE04EC0-301F-11D3-BF4B-00C04F79EFBC}") = "StringReverse", "OOP1Lab\StringReverse.csproj", "{9204DB3A-DFCF-4085-8D0D-9F79B357FB2A}"
EndProject
Project("{FAE04EC0-301F-11D3-BF4B-00C04F79EFBC}") = "SimpleCalculator", "SimpleCalculator\SimpleCalculator.csproj", "{888DD123-3938-46D8-B7AA-8C9254FBA2AC}"
EndProject
Project("{FAE04EC0-301F-11D3-BF4B-00C04F79EFBC}") = "5.HotPotato", "5.HotPotato\5.HotPotato.csproj", "{31C5AB87-0FD5-4EF1-9A41-58E9AE41EA70}"
EndProject
Project("{FAE04EC0-301F-11D3-BF4B-00C04F79EFBC}") = "1.ReverseNumbersWithAStack", "1.ReverseNumbersWithAStack\1.ReverseNumbersWithAStack.csproj", "{D0C67C4B-21AB-4197-B00E-534F33426935}"
EndProject
Global
	GlobalSection(SolutionConfigurationPlatforms) = preSolution
		Debug|Any CPU = Debug|Any CPU
		Release|Any CPU = Release|Any CPU
	EndGlobalSection
	GlobalSection(ProjectConfigurationPlatforms) = postSolution
		{9204DB3A-DFCF-4085-8D0D-9F79B357FB2A}.Debug|Any CPU.ActiveCfg = Debug|Any CPU
		{9204DB3A-DFCF-4085-8D0D-9F79B357FB2A}.Debug|Any CPU.Build.0 = Debug|Any CPU
		{9204DB3A-DFCF-4085-8D0D-9F79B357FB2A}.Release|Any CPU.ActiveCfg = Release|Any CPU
		{9204DB3A-DFCF-4085-8D0D-9F79B357FB2A}.Release|Any CPU.Build.0 = Release|Any CPU
		{888DD123-3938-46D8-B7AA-8C9254FBA2AC}.Debug|Any CPU.ActiveCfg = Debug|Any CPU
		{888DD123-3938-46D8-B7AA-8C9254FBA2AC}.Debug|Any CPU.Build.0 = Debug|Any CPU
		{888DD123-3938-46D8-B7AA-8C9254FBA2AC}.Release|Any CPU.ActiveCfg = Release|Any CPU
		{888DD123-3938-46D8-B7AA-8C9254FBA2AC}.Release|Any CPU.Build.0 = Release|Any CPU
		{31C5AB87-0FD5-4EF1-9A41-58E9AE41EA70}.Debug|Any CPU.ActiveCfg = Debug|Any CPU
		{31C5AB87-0FD5-4EF1-9A41-58E9AE41EA70}.Debug|Any CPU.Build.0 = Debug|Any CPU
		{31C5AB87-0FD5-4EF1-9A41-58E9AE41EA70}.Release|Any CPU.ActiveCfg = Release|Any CPU
		{31C5AB87-0FD5-4EF1-9A41-58E9AE41EA70}.Release|Any CPU.Build.0 = Release|Any CPU
		{D0C67C4B-21AB-4197-B00E-534F33426935}.Debug|Any CPU.ActiveCfg = Debug|Any CPU
		{D0C67C4B-21AB-4197-B00E-534F33426935}.Debug|Any CPU.Build.0 = Debug|Any CPU
		{D0C67C4B-21AB-4197-B00E-534F33426935}.Release|Any CPU.ActiveCfg = Release|Any CPU
		{D0C67C4B-21AB-4197-B00E-534F33426935}.Release|Any CPU.Build.0 = Release|Any CPU
	EndGlobalSection
	GlobalSection(SolutionProperties) = preSolution
		HideSolutionNode = FALSE
	EndGlobalSection
EndGlobal
