
Microsoft Visual Studio Solution File, Format Version 12.00
# Visual Studio 14
VisualStudioVersion = 14.0.25420.1
MinimumVisualStudioVersion = 10.0.40219.1
Project("{FAE04EC0-301F-11D3-BF4B-00C04F79EFBC}") = "01", "01\01.csproj", "{56CBE09E-7C45-4A9C-B49F-4F2EE4D43EBA}"
EndProject
Project("{FAE04EC0-301F-11D3-BF4B-00C04F79EFBC}") = "02", "02\02.csproj", "{43B24621-C0E0-4190-ADAD-ACBB2C545AB3}"
EndProject
Project("{FAE04EC0-301F-11D3-BF4B-00C04F79EFBC}") = "03", "03\03.csproj", "{31AE076C-3429-484D-B8BE-8895A4BA7CD2}"
EndProject
Project("{FAE04EC0-301F-11D3-BF4B-00C04F79EFBC}") = "04", "04\04.csproj", "{10327782-1BC8-480A-AF58-E345D7E1A04D}"
EndProject
Project("{FAE04EC0-301F-11D3-BF4B-00C04F79EFBC}") = "05", "05\05.csproj", "{063FC7A7-8AA2-4AB5-84A8-CEB439184E07}"
EndProject
Project("{FAE04EC0-301F-11D3-BF4B-00C04F79EFBC}") = "06", "06\06.csproj", "{C9905A62-1E82-4FA3-9C89-30088A5DBDC0}"
EndProject
Project("{FAE04EC0-301F-11D3-BF4B-00C04F79EFBC}") = "07", "07\07.csproj", "{003FC263-4E2D-4717-A9DD-2ADD737F018F}"
EndProject
Project("{FAE04EC0-301F-11D3-BF4B-00C04F79EFBC}") = "08", "08\08.csproj", "{0FDC1C50-1869-4562-8E79-C284DD1E6491}"
EndProject
Project("{FAE04EC0-301F-11D3-BF4B-00C04F79EFBC}") = "09", "09\09.csproj", "{85209A24-AFA4-474C-BD8A-4A1D57624F15}"
EndProject
Project("{FAE04EC0-301F-11D3-BF4B-00C04F79EFBC}") = "10", "10\10.csproj", "{0492C3CB-73F0-46CA-9E21-B7104F0ABDC9}"
EndProject
Global
	GlobalSection(SolutionConfigurationPlatforms) = preSolution
		Debug|Any CPU = Debug|Any CPU
		Release|Any CPU = Release|Any CPU
	EndGlobalSection
	GlobalSection(ProjectConfigurationPlatforms) = postSolution
		{56CBE09E-7C45-4A9C-B49F-4F2EE4D43EBA}.Debug|Any CPU.ActiveCfg = Debug|Any CPU
		{56CBE09E-7C45-4A9C-B49F-4F2EE4D43EBA}.Debug|Any CPU.Build.0 = Debug|Any CPU
		{56CBE09E-7C45-4A9C-B49F-4F2EE4D43EBA}.Release|Any CPU.ActiveCfg = Release|Any CPU
		{56CBE09E-7C45-4A9C-B49F-4F2EE4D43EBA}.Release|Any CPU.Build.0 = Release|Any CPU
		{43B24621-C0E0-4190-ADAD-ACBB2C545AB3}.Debug|Any CPU.ActiveCfg = Debug|Any CPU
		{43B24621-C0E0-4190-ADAD-ACBB2C545AB3}.Debug|Any CPU.Build.0 = Debug|Any CPU
		{43B24621-C0E0-4190-ADAD-ACBB2C545AB3}.Release|Any CPU.ActiveCfg = Release|Any CPU
		{43B24621-C0E0-4190-ADAD-ACBB2C545AB3}.Release|Any CPU.Build.0 = Release|Any CPU
		{31AE076C-3429-484D-B8BE-8895A4BA7CD2}.Debug|Any CPU.ActiveCfg = Debug|Any CPU
		{31AE076C-3429-484D-B8BE-8895A4BA7CD2}.Debug|Any CPU.Build.0 = Debug|Any CPU
		{31AE076C-3429-484D-B8BE-8895A4BA7CD2}.Release|Any CPU.ActiveCfg = Release|Any CPU
		{31AE076C-3429-484D-B8BE-8895A4BA7CD2}.Release|Any CPU.Build.0 = Release|Any CPU
		{10327782-1BC8-480A-AF58-E345D7E1A04D}.Debug|Any CPU.ActiveCfg = Debug|Any CPU
		{10327782-1BC8-480A-AF58-E345D7E1A04D}.Debug|Any CPU.Build.0 = Debug|Any CPU
		{10327782-1BC8-480A-AF58-E345D7E1A04D}.Release|Any CPU.ActiveCfg = Release|Any CPU
		{10327782-1BC8-480A-AF58-E345D7E1A04D}.Release|Any CPU.Build.0 = Release|Any CPU
		{063FC7A7-8AA2-4AB5-84A8-CEB439184E07}.Debug|Any CPU.ActiveCfg = Debug|Any CPU
		{063FC7A7-8AA2-4AB5-84A8-CEB439184E07}.Debug|Any CPU.Build.0 = Debug|Any CPU
		{063FC7A7-8AA2-4AB5-84A8-CEB439184E07}.Release|Any CPU.ActiveCfg = Release|Any CPU
		{063FC7A7-8AA2-4AB5-84A8-CEB439184E07}.Release|Any CPU.Build.0 = Release|Any CPU
		{C9905A62-1E82-4FA3-9C89-30088A5DBDC0}.Debug|Any CPU.ActiveCfg = Debug|Any CPU
		{C9905A62-1E82-4FA3-9C89-30088A5DBDC0}.Debug|Any CPU.Build.0 = Debug|Any CPU
		{C9905A62-1E82-4FA3-9C89-30088A5DBDC0}.Release|Any CPU.ActiveCfg = Release|Any CPU
		{C9905A62-1E82-4FA3-9C89-30088A5DBDC0}.Release|Any CPU.Build.0 = Release|Any CPU
		{003FC263-4E2D-4717-A9DD-2ADD737F018F}.Debug|Any CPU.ActiveCfg = Debug|Any CPU
		{003FC263-4E2D-4717-A9DD-2ADD737F018F}.Debug|Any CPU.Build.0 = Debug|Any CPU
		{003FC263-4E2D-4717-A9DD-2ADD737F018F}.Release|Any CPU.ActiveCfg = Release|Any CPU
		{003FC263-4E2D-4717-A9DD-2ADD737F018F}.Release|Any CPU.Build.0 = Release|Any CPU
		{0FDC1C50-1869-4562-8E79-C284DD1E6491}.Debug|Any CPU.ActiveCfg = Debug|Any CPU
		{0FDC1C50-1869-4562-8E79-C284DD1E6491}.Debug|Any CPU.Build.0 = Debug|Any CPU
		{0FDC1C50-1869-4562-8E79-C284DD1E6491}.Release|Any CPU.ActiveCfg = Release|Any CPU
		{0FDC1C50-1869-4562-8E79-C284DD1E6491}.Release|Any CPU.Build.0 = Release|Any CPU
		{85209A24-AFA4-474C-BD8A-4A1D57624F15}.Debug|Any CPU.ActiveCfg = Debug|Any CPU
		{85209A24-AFA4-474C-BD8A-4A1D57624F15}.Debug|Any CPU.Build.0 = Debug|Any CPU
		{85209A24-AFA4-474C-BD8A-4A1D57624F15}.Release|Any CPU.ActiveCfg = Release|Any CPU
		{85209A24-AFA4-474C-BD8A-4A1D57624F15}.Release|Any CPU.Build.0 = Release|Any CPU
		{0492C3CB-73F0-46CA-9E21-B7104F0ABDC9}.Debug|Any CPU.ActiveCfg = Debug|Any CPU
		{0492C3CB-73F0-46CA-9E21-B7104F0ABDC9}.Debug|Any CPU.Build.0 = Debug|Any CPU
		{0492C3CB-73F0-46CA-9E21-B7104F0ABDC9}.Release|Any CPU.ActiveCfg = Release|Any CPU
		{0492C3CB-73F0-46CA-9E21-B7104F0ABDC9}.Release|Any CPU.Build.0 = Release|Any CPU
	EndGlobalSection
	GlobalSection(SolutionProperties) = preSolution
		HideSolutionNode = FALSE
	EndGlobalSection
EndGlobal
