
Microsoft Visual Studio Solution File, Format Version 12.00
# Visual Studio 14
VisualStudioVersion = 14.0.25420.1
MinimumVisualStudioVersion = 10.0.40219.1
Project("{FAE04EC0-301F-11D3-BF4B-00C04F79EFBC}") = "ReverseString", "ReverseString\ReverseString.csproj", "{6E14EAD8-70E3-4B01-9E5B-3E552F60F221}"
EndProject
Project("{FAE04EC0-301F-11D3-BF4B-00C04F79EFBC}") = "StringLength", "StringLength\StringLength.csproj", "{0FAD9086-83B0-4980-B5FE-239DFD41C0A6}"
EndProject
Project("{FAE04EC0-301F-11D3-BF4B-00C04F79EFBC}") = "FormattingNumbers", "FormattingNumbers\FormattingNumbers.csproj", "{E0D65426-4108-431B-80CF-5B1EE89751F6}"
EndProject
Project("{FAE04EC0-301F-11D3-BF4B-00C04F79EFBC}") = "ConvertfromBase10ToBaseN", "ConvertfromBase10ToBaseN\ConvertfromBase10ToBaseN.csproj", "{9628C8A1-22E1-480B-A528-696EDE93A760}"
EndProject
Project("{FAE04EC0-301F-11D3-BF4B-00C04F79EFBC}") = "ConvertFromBaseNToBase10", "ConvertFromBaseNToBase10\ConvertFromBaseNToBase10.csproj", "{27733DB5-9A77-4D8D-8FA0-7B0E1377D848}"
EndProject
Project("{FAE04EC0-301F-11D3-BF4B-00C04F79EFBC}") = "CountSubstringOccurrences", "CountSubstringOccurrences\CountSubstringOccurrences.csproj", "{0C9C266F-976D-4C69-9672-257E5C03D855}"
EndProject
Global
	GlobalSection(SolutionConfigurationPlatforms) = preSolution
		Debug|Any CPU = Debug|Any CPU
		Release|Any CPU = Release|Any CPU
	EndGlobalSection
	GlobalSection(ProjectConfigurationPlatforms) = postSolution
		{6E14EAD8-70E3-4B01-9E5B-3E552F60F221}.Debug|Any CPU.ActiveCfg = Debug|Any CPU
		{6E14EAD8-70E3-4B01-9E5B-3E552F60F221}.Debug|Any CPU.Build.0 = Debug|Any CPU
		{6E14EAD8-70E3-4B01-9E5B-3E552F60F221}.Release|Any CPU.ActiveCfg = Release|Any CPU
		{6E14EAD8-70E3-4B01-9E5B-3E552F60F221}.Release|Any CPU.Build.0 = Release|Any CPU
		{0FAD9086-83B0-4980-B5FE-239DFD41C0A6}.Debug|Any CPU.ActiveCfg = Debug|Any CPU
		{0FAD9086-83B0-4980-B5FE-239DFD41C0A6}.Debug|Any CPU.Build.0 = Debug|Any CPU
		{0FAD9086-83B0-4980-B5FE-239DFD41C0A6}.Release|Any CPU.ActiveCfg = Release|Any CPU
		{0FAD9086-83B0-4980-B5FE-239DFD41C0A6}.Release|Any CPU.Build.0 = Release|Any CPU
		{E0D65426-4108-431B-80CF-5B1EE89751F6}.Debug|Any CPU.ActiveCfg = Debug|Any CPU
		{E0D65426-4108-431B-80CF-5B1EE89751F6}.Debug|Any CPU.Build.0 = Debug|Any CPU
		{E0D65426-4108-431B-80CF-5B1EE89751F6}.Release|Any CPU.ActiveCfg = Release|Any CPU
		{E0D65426-4108-431B-80CF-5B1EE89751F6}.Release|Any CPU.Build.0 = Release|Any CPU
		{9628C8A1-22E1-480B-A528-696EDE93A760}.Debug|Any CPU.ActiveCfg = Debug|Any CPU
		{9628C8A1-22E1-480B-A528-696EDE93A760}.Debug|Any CPU.Build.0 = Debug|Any CPU
		{9628C8A1-22E1-480B-A528-696EDE93A760}.Release|Any CPU.ActiveCfg = Release|Any CPU
		{9628C8A1-22E1-480B-A528-696EDE93A760}.Release|Any CPU.Build.0 = Release|Any CPU
		{27733DB5-9A77-4D8D-8FA0-7B0E1377D848}.Debug|Any CPU.ActiveCfg = Debug|Any CPU
		{27733DB5-9A77-4D8D-8FA0-7B0E1377D848}.Debug|Any CPU.Build.0 = Debug|Any CPU
		{27733DB5-9A77-4D8D-8FA0-7B0E1377D848}.Release|Any CPU.ActiveCfg = Release|Any CPU
		{27733DB5-9A77-4D8D-8FA0-7B0E1377D848}.Release|Any CPU.Build.0 = Release|Any CPU
		{0C9C266F-976D-4C69-9672-257E5C03D855}.Debug|Any CPU.ActiveCfg = Debug|Any CPU
		{0C9C266F-976D-4C69-9672-257E5C03D855}.Debug|Any CPU.Build.0 = Debug|Any CPU
		{0C9C266F-976D-4C69-9672-257E5C03D855}.Release|Any CPU.ActiveCfg = Release|Any CPU
		{0C9C266F-976D-4C69-9672-257E5C03D855}.Release|Any CPU.Build.0 = Release|Any CPU
	EndGlobalSection
	GlobalSection(SolutionProperties) = preSolution
		HideSolutionNode = FALSE
	EndGlobalSection
EndGlobal
